
Microsoft Visual Studio Solution File, Format Version 12.00
# Visual Studio Version 17
VisualStudioVersion = 17.5.002.0
MinimumVisualStudioVersion = 10.0.40219.1
Project("{9A19103F-16F7-4668-BE54-9A1E7A4F7556}") = "Dotnet_Api", "Dotnet_Api.csproj", "{311ADECE-A29D-436D-B0EC-4A82C819793F}"
EndProject
Global
	GlobalSection(SolutionConfigurationPlatforms) = preSolution
		Debug|Any CPU = Debug|Any CPU
		Release|Any CPU = Release|Any CPU
	EndGlobalSection
	GlobalSection(ProjectConfigurationPlatforms) = postSolution
		{311ADECE-A29D-436D-B0EC-4A82C819793F}.Debug|Any CPU.ActiveCfg = Debug|Any CPU
		{311ADECE-A29D-436D-B0EC-4A82C819793F}.Debug|Any CPU.Build.0 = Debug|Any CPU
		{311ADECE-A29D-436D-B0EC-4A82C819793F}.Release|Any CPU.ActiveCfg = Release|Any CPU
		{311ADECE-A29D-436D-B0EC-4A82C819793F}.Release|Any CPU.Build.0 = Release|Any CPU
	EndGlobalSection
	GlobalSection(SolutionProperties) = preSolution
		HideSolutionNode = FALSE
	EndGlobalSection
	GlobalSection(ExtensibilityGlobals) = postSolution
		SolutionGuid = {7BBD823D-521A-40BD-8F93-1C4B0D948226}
	EndGlobalSection
EndGlobal
